
Microsoft Visual Studio Solution File, Format Version 12.00
# Visual Studio Version 17
VisualStudioVersion = 17.13.35806.99 d17.13
MinimumVisualStudioVersion = 10.0.40219.1
Project("{FAE04EC0-301F-11D3-BF4B-00C04F79EFBC}") = "ApiVerticalSlice", "ApiVerticalSlice\ApiVerticalSlice.csproj", "{6F5F83B5-0256-423D-A3CB-98A3EA976F9F}"
EndProject
Global
	GlobalSection(SolutionConfigurationPlatforms) = preSolution
		Debug|Any CPU = Debug|Any CPU
		Release|Any CPU = Release|Any CPU
	EndGlobalSection
	GlobalSection(ProjectConfigurationPlatforms) = postSolution
		{6F5F83B5-0256-423D-A3CB-98A3EA976F9F}.Debug|Any CPU.ActiveCfg = Debug|Any CPU
		{6F5F83B5-0256-423D-A3CB-98A3EA976F9F}.Debug|Any CPU.Build.0 = Debug|Any CPU
		{6F5F83B5-0256-423D-A3CB-98A3EA976F9F}.Release|Any CPU.ActiveCfg = Release|Any CPU
		{6F5F83B5-0256-423D-A3CB-98A3EA976F9F}.Release|Any CPU.Build.0 = Release|Any CPU
	EndGlobalSection
	GlobalSection(SolutionProperties) = preSolution
		HideSolutionNode = FALSE
	EndGlobalSection
	GlobalSection(ExtensibilityGlobals) = postSolution
		SolutionGuid = {DDBD7417-5CDF-4E2D-B26E-22B40235E89A}
	EndGlobalSection
EndGlobal
